// !$*UTF8*$!
{
	archiveVersion = 1;
	classes = {
	};
	objectVersion = 55;
	objects = {

/* Begin PBXBuildFile section */
		7C6516A0284E60C20072348A /* AlzeApp.swift in Sources */ = {isa = PBXBuildFile; fileRef = 7C65169F284E60C20072348A /* AlzeApp.swift */; };
		7C6516A2284E60C20072348A /* ContentView.swift in Sources */ = {isa = PBXBuildFile; fileRef = 7C6516A1284E60C20072348A /* ContentView.swift */; };
		7C6516A4284E60C50072348A /* Assets.xcassets in Resources */ = {isa = PBXBuildFile; fileRef = 7C6516A3284E60C50072348A /* Assets.xcassets */; };
		7C6516A7284E60C50072348A /* Preview Assets.xcassets in Resources */ = {isa = PBXBuildFile; fileRef = 7C6516A6284E60C50072348A /* Preview Assets.xcassets */; };
		7C6516A9284E60C50072348A /* Persistence.swift in Sources */ = {isa = PBXBuildFile; fileRef = 7C6516A8284E60C50072348A /* Persistence.swift */; };
		7C6516AC284E60C50072348A /* Alze.xcdatamodeld in Sources */ = {isa = PBXBuildFile; fileRef = 7C6516AA284E60C50072348A /* Alze.xcdatamodeld */; };
		7CB1990B2851A7A600727A27 /* SignInWithApple.swift in Sources */ = {isa = PBXBuildFile; fileRef = 7CB1990A2851A7A600727A27 /* SignInWithApple.swift */; };
		7CB1990D2851AE5A00727A27 /* SignInWithAppleDelegates.swift in Sources */ = {isa = PBXBuildFile; fileRef = 7CB1990C2851AE5A00727A27 /* SignInWithAppleDelegates.swift */; };
		7CE3F06F2850832E009C9524 /* Login.swift in Sources */ = {isa = PBXBuildFile; fileRef = 7CE3F06E2850832E009C9524 /* Login.swift */; };
		7CE3F0712850B9E3009C9524 /* K.swift in Sources */ = {isa = PBXBuildFile; fileRef = 7CE3F0702850B9E3009C9524 /* K.swift */; };
		E226BCA42851FCB000A8ADAF /* ReminderView.swift in Sources */ = {isa = PBXBuildFile; fileRef = E226BCA32851FCB000A8ADAF /* ReminderView.swift */; };
		E229A69328571CA700EBA775 /* DummyData.swift in Sources */ = {isa = PBXBuildFile; fileRef = E229A69228571CA700EBA775 /* DummyData.swift */; };
		E239E3E4285837CB00A0C6C1 /* CustomToggle.swift in Sources */ = {isa = PBXBuildFile; fileRef = E239E3E3285837CB00A0C6C1 /* CustomToggle.swift */; };
		E239E3E6285888AE00A0C6C1 /* AddReminderView.swift in Sources */ = {isa = PBXBuildFile; fileRef = E239E3E5285888AE00A0C6C1 /* AddReminderView.swift */; };
		E258D97E2859D1A500064842 /* PillModalView.swift in Sources */ = {isa = PBXBuildFile; fileRef = E258D97D2859D1A500064842 /* PillModalView.swift */; };
/* End PBXBuildFile section */

/* Begin PBXFileReference section */
		7C65169C284E60C20072348A /* Alze.app */ = {isa = PBXFileReference; explicitFileType = wrapper.application; includeInIndex = 0; path = Alze.app; sourceTree = BUILT_PRODUCTS_DIR; };
		7C65169F284E60C20072348A /* AlzeApp.swift */ = {isa = PBXFileReference; lastKnownFileType = sourcecode.swift; path = AlzeApp.swift; sourceTree = "<group>"; };
		7C6516A1284E60C20072348A /* ContentView.swift */ = {isa = PBXFileReference; lastKnownFileType = sourcecode.swift; path = ContentView.swift; sourceTree = "<group>"; };
		7C6516A3284E60C50072348A /* Assets.xcassets */ = {isa = PBXFileReference; lastKnownFileType = folder.assetcatalog; path = Assets.xcassets; sourceTree = "<group>"; };
		7C6516A6284E60C50072348A /* Preview Assets.xcassets */ = {isa = PBXFileReference; lastKnownFileType = folder.assetcatalog; path = "Preview Assets.xcassets"; sourceTree = "<group>"; };
		7C6516A8284E60C50072348A /* Persistence.swift */ = {isa = PBXFileReference; lastKnownFileType = sourcecode.swift; path = Persistence.swift; sourceTree = "<group>"; };
		7C6516AB284E60C50072348A /* Alze.xcdatamodel */ = {isa = PBXFileReference; lastKnownFileType = wrapper.xcdatamodel; path = Alze.xcdatamodel; sourceTree = "<group>"; };
		7CB199092851A67300727A27 /* Alze.entitlements */ = {isa = PBXFileReference; lastKnownFileType = text.plist.entitlements; path = Alze.entitlements; sourceTree = "<group>"; };
		7CB1990A2851A7A600727A27 /* SignInWithApple.swift */ = {isa = PBXFileReference; lastKnownFileType = sourcecode.swift; path = SignInWithApple.swift; sourceTree = "<group>"; };
		7CB1990C2851AE5A00727A27 /* SignInWithAppleDelegates.swift */ = {isa = PBXFileReference; lastKnownFileType = sourcecode.swift; path = SignInWithAppleDelegates.swift; sourceTree = "<group>"; };
		7CE3F06E2850832E009C9524 /* Login.swift */ = {isa = PBXFileReference; lastKnownFileType = sourcecode.swift; path = Login.swift; sourceTree = "<group>"; };
		7CE3F0702850B9E3009C9524 /* K.swift */ = {isa = PBXFileReference; lastKnownFileType = sourcecode.swift; path = K.swift; sourceTree = "<group>"; };
		E226BCA32851FCB000A8ADAF /* ReminderView.swift */ = {isa = PBXFileReference; lastKnownFileType = sourcecode.swift; path = ReminderView.swift; sourceTree = "<group>"; };
		E229A69228571CA700EBA775 /* DummyData.swift */ = {isa = PBXFileReference; lastKnownFileType = sourcecode.swift; path = DummyData.swift; sourceTree = "<group>"; };
		E239E3E3285837CB00A0C6C1 /* CustomToggle.swift */ = {isa = PBXFileReference; lastKnownFileType = sourcecode.swift; path = CustomToggle.swift; sourceTree = "<group>"; };
		E239E3E5285888AE00A0C6C1 /* AddReminderView.swift */ = {isa = PBXFileReference; lastKnownFileType = sourcecode.swift; path = AddReminderView.swift; sourceTree = "<group>"; };
		E258D97D2859D1A500064842 /* PillModalView.swift */ = {isa = PBXFileReference; lastKnownFileType = sourcecode.swift; path = PillModalView.swift; sourceTree = "<group>"; };
/* End PBXFileReference section */

/* Begin PBXFrameworksBuildPhase section */
		7C651699284E60C20072348A /* Frameworks */ = {
			isa = PBXFrameworksBuildPhase;
			buildActionMask = 2147483647;
			files = (
			);
			runOnlyForDeploymentPostprocessing = 0;
		};
/* End PBXFrameworksBuildPhase section */

/* Begin PBXGroup section */
		7C651693284E60C20072348A = {
			isa = PBXGroup;
			children = (
				7C65169E284E60C20072348A /* Alze */,
				7C65169D284E60C20072348A /* Products */,
			);
			sourceTree = "<group>";
		};
		7C65169D284E60C20072348A /* Products */ = {
			isa = PBXGroup;
			children = (
				7C65169C284E60C20072348A /* Alze.app */,
			);
			name = Products;
			sourceTree = "<group>";
		};
		7C65169E284E60C20072348A /* Alze */ = {
			isa = PBXGroup;
			children = (
				E229A69128571C8800EBA775 /* Dummy Data */,
				7CB199092851A67300727A27 /* Alze.entitlements */,
				7C65169F284E60C20072348A /* AlzeApp.swift */,
				E239E3E5285888AE00A0C6C1 /* AddReminderView.swift */,
				E258D97D2859D1A500064842 /* PillModalView.swift */,
				E226BCA32851FCB000A8ADAF /* ReminderView.swift */,
				E239E3E3285837CB00A0C6C1 /* CustomToggle.swift */,
				7CE3F06E2850832E009C9524 /* Login.swift */,
				7C6516A1284E60C20072348A /* ContentView.swift */,
				7C6516A3284E60C50072348A /* Assets.xcassets */,
				7C6516A8284E60C50072348A /* Persistence.swift */,
				7C6516AA284E60C50072348A /* Alze.xcdatamodeld */,
				7C6516A5284E60C50072348A /* Preview Content */,
				7CE3F0702850B9E3009C9524 /* K.swift */,
				7CB1990A2851A7A600727A27 /* SignInWithApple.swift */,
				7CB1990C2851AE5A00727A27 /* SignInWithAppleDelegates.swift */,
			);
			path = Alze;
			sourceTree = "<group>";
		};
		7C6516A5284E60C50072348A /* Preview Content */ = {
			isa = PBXGroup;
			children = (
				7C6516A6284E60C50072348A /* Preview Assets.xcassets */,
			);
			path = "Preview Content";
			sourceTree = "<group>";
		};
		E229A69128571C8800EBA775 /* Dummy Data */ = {
			isa = PBXGroup;
			children = (
				E229A69228571CA700EBA775 /* DummyData.swift */,
			);
			path = "Dummy Data";
			sourceTree = "<group>";
		};
/* End PBXGroup section */

/* Begin PBXNativeTarget section */
		7C65169B284E60C20072348A /* Alze */ = {
			isa = PBXNativeTarget;
			buildConfigurationList = 7C6516AF284E60C50072348A /* Build configuration list for PBXNativeTarget "Alze" */;
			buildPhases = (
				7C651698284E60C20072348A /* Sources */,
				7C651699284E60C20072348A /* Frameworks */,
				7C65169A284E60C20072348A /* Resources */,
			);
			buildRules = (
			);
			dependencies = (
			);
			name = Alze;
			productName = Alze;
			productReference = 7C65169C284E60C20072348A /* Alze.app */;
			productType = "com.apple.product-type.application";
		};
/* End PBXNativeTarget section */

/* Begin PBXProject section */
		7C651694284E60C20072348A /* Project object */ = {
			isa = PBXProject;
			attributes = {
				BuildIndependentTargetsInParallel = 1;
				LastSwiftUpdateCheck = 1330;
				LastUpgradeCheck = 1330;
				TargetAttributes = {
					7C65169B284E60C20072348A = {
						CreatedOnToolsVersion = 13.3.1;
					};
				};
			};
			buildConfigurationList = 7C651697284E60C20072348A /* Build configuration list for PBXProject "Alze" */;
			compatibilityVersion = "Xcode 13.0";
			developmentRegion = en;
			hasScannedForEncodings = 0;
			knownRegions = (
				en,
				Base,
			);
			mainGroup = 7C651693284E60C20072348A;
			productRefGroup = 7C65169D284E60C20072348A /* Products */;
			projectDirPath = "";
			projectRoot = "";
			targets = (
				7C65169B284E60C20072348A /* Alze */,
			);
		};
/* End PBXProject section */

/* Begin PBXResourcesBuildPhase section */
		7C65169A284E60C20072348A /* Resources */ = {
			isa = PBXResourcesBuildPhase;
			buildActionMask = 2147483647;
			files = (
				7C6516A7284E60C50072348A /* Preview Assets.xcassets in Resources */,
				7C6516A4284E60C50072348A /* Assets.xcassets in Resources */,
			);
			runOnlyForDeploymentPostprocessing = 0;
		};
/* End PBXResourcesBuildPhase section */

/* Begin PBXSourcesBuildPhase section */
		7C651698284E60C20072348A /* Sources */ = {
			isa = PBXSourcesBuildPhase;
			buildActionMask = 2147483647;
			files = (
				7C6516A9284E60C50072348A /* Persistence.swift in Sources */,
				E239E3E4285837CB00A0C6C1 /* CustomToggle.swift in Sources */,
				E239E3E6285888AE00A0C6C1 /* AddReminderView.swift in Sources */,
				7CB1990D2851AE5A00727A27 /* SignInWithAppleDelegates.swift in Sources */,
				7CE3F06F2850832E009C9524 /* Login.swift in Sources */,
				E258D97E2859D1A500064842 /* PillModalView.swift in Sources */,
				7C6516AC284E60C50072348A /* Alze.xcdatamodeld in Sources */,
				7CE3F0712850B9E3009C9524 /* K.swift in Sources */,
				E226BCA42851FCB000A8ADAF /* ReminderView.swift in Sources */,
				7C6516A2284E60C20072348A /* ContentView.swift in Sources */,
				7C6516A0284E60C20072348A /* AlzeApp.swift in Sources */,
				E229A69328571CA700EBA775 /* DummyData.swift in Sources */,
				7CB1990B2851A7A600727A27 /* SignInWithApple.swift in Sources */,
			);
			runOnlyForDeploymentPostprocessing = 0;
		};
/* End PBXSourcesBuildPhase section */

/* Begin XCBuildConfiguration section */
		7C6516AD284E60C50072348A /* Debug */ = {
			isa = XCBuildConfiguration;
			buildSettings = {
				ALWAYS_SEARCH_USER_PATHS = NO;
				CLANG_ANALYZER_NONNULL = YES;
				CLANG_ANALYZER_NUMBER_OBJECT_CONVERSION = YES_AGGRESSIVE;
				CLANG_CXX_LANGUAGE_STANDARD = "gnu++17";
				CLANG_ENABLE_MODULES = YES;
				CLANG_ENABLE_OBJC_ARC = YES;
				CLANG_ENABLE_OBJC_WEAK = YES;
				CLANG_WARN_BLOCK_CAPTURE_AUTORELEASING = YES;
				CLANG_WARN_BOOL_CONVERSION = YES;
				CLANG_WARN_COMMA = YES;
				CLANG_WARN_CONSTANT_CONVERSION = YES;
				CLANG_WARN_DEPRECATED_OBJC_IMPLEMENTATIONS = YES;
				CLANG_WARN_DIRECT_OBJC_ISA_USAGE = YES_ERROR;
				CLANG_WARN_DOCUMENTATION_COMMENTS = YES;
				CLANG_WARN_EMPTY_BODY = YES;
				CLANG_WARN_ENUM_CONVERSION = YES;
				CLANG_WARN_INFINITE_RECURSION = YES;
				CLANG_WARN_INT_CONVERSION = YES;
				CLANG_WARN_NON_LITERAL_NULL_CONVERSION = YES;
				CLANG_WARN_OBJC_IMPLICIT_RETAIN_SELF = YES;
				CLANG_WARN_OBJC_LITERAL_CONVERSION = YES;
				CLANG_WARN_OBJC_ROOT_CLASS = YES_ERROR;
				CLANG_WARN_QUOTED_INCLUDE_IN_FRAMEWORK_HEADER = YES;
				CLANG_WARN_RANGE_LOOP_ANALYSIS = YES;
				CLANG_WARN_STRICT_PROTOTYPES = YES;
				CLANG_WARN_SUSPICIOUS_MOVE = YES;
				CLANG_WARN_UNGUARDED_AVAILABILITY = YES_AGGRESSIVE;
				CLANG_WARN_UNREACHABLE_CODE = YES;
				CLANG_WARN__DUPLICATE_METHOD_MATCH = YES;
				COPY_PHASE_STRIP = NO;
				DEBUG_INFORMATION_FORMAT = dwarf;
				ENABLE_STRICT_OBJC_MSGSEND = YES;
				ENABLE_TESTABILITY = YES;
				GCC_C_LANGUAGE_STANDARD = gnu11;
				GCC_DYNAMIC_NO_PIC = NO;
				GCC_NO_COMMON_BLOCKS = YES;
				GCC_OPTIMIZATION_LEVEL = 0;
				GCC_PREPROCESSOR_DEFINITIONS = (
					"DEBUG=1",
					"$(inherited)",
				);
				GCC_WARN_64_TO_32_BIT_CONVERSION = YES;
				GCC_WARN_ABOUT_RETURN_TYPE = YES_ERROR;
				GCC_WARN_UNDECLARED_SELECTOR = YES;
				GCC_WARN_UNINITIALIZED_AUTOS = YES_AGGRESSIVE;
				GCC_WARN_UNUSED_FUNCTION = YES;
				GCC_WARN_UNUSED_VARIABLE = YES;
				IPHONEOS_DEPLOYMENT_TARGET = 15.4;
				MTL_ENABLE_DEBUG_INFO = INCLUDE_SOURCE;
				MTL_FAST_MATH = YES;
				ONLY_ACTIVE_ARCH = YES;
				SDKROOT = iphoneos;
				SWIFT_ACTIVE_COMPILATION_CONDITIONS = DEBUG;
				SWIFT_OPTIMIZATION_LEVEL = "-Onone";
			};
			name = Debug;
		};
		7C6516AE284E60C50072348A /* Release */ = {
			isa = XCBuildConfiguration;
			buildSettings = {
				ALWAYS_SEARCH_USER_PATHS = NO;
				CLANG_ANALYZER_NONNULL = YES;
				CLANG_ANALYZER_NUMBER_OBJECT_CONVERSION = YES_AGGRESSIVE;
				CLANG_CXX_LANGUAGE_STANDARD = "gnu++17";
				CLANG_ENABLE_MODULES = YES;
				CLANG_ENABLE_OBJC_ARC = YES;
				CLANG_ENABLE_OBJC_WEAK = YES;
				CLANG_WARN_BLOCK_CAPTURE_AUTORELEASING = YES;
				CLANG_WARN_BOOL_CONVERSION = YES;
				CLANG_WARN_COMMA = YES;
				CLANG_WARN_CONSTANT_CONVERSION = YES;
				CLANG_WARN_DEPRECATED_OBJC_IMPLEMENTATIONS = YES;
				CLANG_WARN_DIRECT_OBJC_ISA_USAGE = YES_ERROR;
				CLANG_WARN_DOCUMENTATION_COMMENTS = YES;
				CLANG_WARN_EMPTY_BODY = YES;
				CLANG_WARN_ENUM_CONVERSION = YES;
				CLANG_WARN_INFINITE_RECURSION = YES;
				CLANG_WARN_INT_CONVERSION = YES;
				CLANG_WARN_NON_LITERAL_NULL_CONVERSION = YES;
				CLANG_WARN_OBJC_IMPLICIT_RETAIN_SELF = YES;
				CLANG_WARN_OBJC_LITERAL_CONVERSION = YES;
				CLANG_WARN_OBJC_ROOT_CLASS = YES_ERROR;
				CLANG_WARN_QUOTED_INCLUDE_IN_FRAMEWORK_HEADER = YES;
				CLANG_WARN_RANGE_LOOP_ANALYSIS = YES;
				CLANG_WARN_STRICT_PROTOTYPES = YES;
				CLANG_WARN_SUSPICIOUS_MOVE = YES;
				CLANG_WARN_UNGUARDED_AVAILABILITY = YES_AGGRESSIVE;
				CLANG_WARN_UNREACHABLE_CODE = YES;
				CLANG_WARN__DUPLICATE_METHOD_MATCH = YES;
				COPY_PHASE_STRIP = NO;
				DEBUG_INFORMATION_FORMAT = "dwarf-with-dsym";
				ENABLE_NS_ASSERTIONS = NO;
				ENABLE_STRICT_OBJC_MSGSEND = YES;
				GCC_C_LANGUAGE_STANDARD = gnu11;
				GCC_NO_COMMON_BLOCKS = YES;
				GCC_WARN_64_TO_32_BIT_CONVERSION = YES;
				GCC_WARN_ABOUT_RETURN_TYPE = YES_ERROR;
				GCC_WARN_UNDECLARED_SELECTOR = YES;
				GCC_WARN_UNINITIALIZED_AUTOS = YES_AGGRESSIVE;
				GCC_WARN_UNUSED_FUNCTION = YES;
				GCC_WARN_UNUSED_VARIABLE = YES;
				IPHONEOS_DEPLOYMENT_TARGET = 15.4;
				MTL_ENABLE_DEBUG_INFO = NO;
				MTL_FAST_MATH = YES;
				SDKROOT = iphoneos;
				SWIFT_COMPILATION_MODE = wholemodule;
				SWIFT_OPTIMIZATION_LEVEL = "-O";
				VALIDATE_PRODUCT = YES;
			};
			name = Release;
		};
		7C6516B0284E60C50072348A /* Debug */ = {
			isa = XCBuildConfiguration;
			buildSettings = {
				ASSETCATALOG_COMPILER_APPICON_NAME = AppIcon;
				ASSETCATALOG_COMPILER_GLOBAL_ACCENT_COLOR_NAME = AccentColor;
				CODE_SIGN_ENTITLEMENTS = Alze/Alze.entitlements;
				CODE_SIGN_IDENTITY = "Apple Development";
				CODE_SIGN_STYLE = Automatic;
				CURRENT_PROJECT_VERSION = 1;
				DEVELOPMENT_ASSET_PATHS = "\"Alze/Preview Content\"";
				DEVELOPMENT_TEAM = "";
				ENABLE_PREVIEWS = YES;
				GENERATE_INFOPLIST_FILE = YES;
				INFOPLIST_KEY_UIApplicationSceneManifest_Generation = YES;
				INFOPLIST_KEY_UIApplicationSupportsIndirectInputEvents = YES;
				INFOPLIST_KEY_UILaunchScreen_Generation = YES;
				INFOPLIST_KEY_UISupportedInterfaceOrientations_iPad = "UIInterfaceOrientationPortrait UIInterfaceOrientationPortraitUpsideDown UIInterfaceOrientationLandscapeLeft UIInterfaceOrientationLandscapeRight";
				INFOPLIST_KEY_UISupportedInterfaceOrientations_iPhone = "UIInterfaceOrientationPortrait UIInterfaceOrientationLandscapeLeft UIInterfaceOrientationLandscapeRight";
				IPHONEOS_DEPLOYMENT_TARGET = 15.0;
				LD_RUNPATH_SEARCH_PATHS = (
					"$(inherited)",
					"@executable_path/Frameworks",
				);
				MARKETING_VERSION = 1.0;
				PRODUCT_BUNDLE_IDENTIFIER = com.mc2Afternoon3.Alze;
				PRODUCT_NAME = "$(TARGET_NAME)";
				PROVISIONING_PROFILE_SPECIFIER = "";
				SWIFT_EMIT_LOC_STRINGS = YES;
				SWIFT_VERSION = 5.0;
				TARGETED_DEVICE_FAMILY = "1,2";
			};
			name = Debug;
		};
		7C6516B1284E60C50072348A /* Release */ = {
			isa = XCBuildConfiguration;
			buildSettings = {
				ASSETCATALOG_COMPILER_APPICON_NAME = AppIcon;
				ASSETCATALOG_COMPILER_GLOBAL_ACCENT_COLOR_NAME = AccentColor;
				CODE_SIGN_ENTITLEMENTS = Alze/Alze.entitlements;
				CODE_SIGN_IDENTITY = "Apple Development";
				CODE_SIGN_STYLE = Automatic;
				CURRENT_PROJECT_VERSION = 1;
				DEVELOPMENT_ASSET_PATHS = "\"Alze/Preview Content\"";
				DEVELOPMENT_TEAM = 8W8G9585D3;
				ENABLE_PREVIEWS = YES;
				GENERATE_INFOPLIST_FILE = YES;
				INFOPLIST_KEY_UIApplicationSceneManifest_Generation = YES;
				INFOPLIST_KEY_UIApplicationSupportsIndirectInputEvents = YES;
				INFOPLIST_KEY_UILaunchScreen_Generation = YES;
				INFOPLIST_KEY_UISupportedInterfaceOrientations_iPad = "UIInterfaceOrientationPortrait UIInterfaceOrientationPortraitUpsideDown UIInterfaceOrientationLandscapeLeft UIInterfaceOrientationLandscapeRight";
				INFOPLIST_KEY_UISupportedInterfaceOrientations_iPhone = "UIInterfaceOrientationPortrait UIInterfaceOrientationLandscapeLeft UIInterfaceOrientationLandscapeRight";
				IPHONEOS_DEPLOYMENT_TARGET = 15.0;
				LD_RUNPATH_SEARCH_PATHS = (
					"$(inherited)",
					"@executable_path/Frameworks",
				);
				MARKETING_VERSION = 1.0;
				PRODUCT_BUNDLE_IDENTIFIER = com.mc2Afternoon3.Alze;
				PRODUCT_NAME = "$(TARGET_NAME)";
				PROVISIONING_PROFILE_SPECIFIER = "";
				SWIFT_EMIT_LOC_STRINGS = YES;
				SWIFT_VERSION = 5.0;
				TARGETED_DEVICE_FAMILY = "1,2";
			};
			name = Release;
		};
/* End XCBuildConfiguration section */

/* Begin XCConfigurationList section */
		7C651697284E60C20072348A /* Build configuration list for PBXProject "Alze" */ = {
			isa = XCConfigurationList;
			buildConfigurations = (
				7C6516AD284E60C50072348A /* Debug */,
				7C6516AE284E60C50072348A /* Release */,
			);
			defaultConfigurationIsVisible = 0;
			defaultConfigurationName = Release;
		};
		7C6516AF284E60C50072348A /* Build configuration list for PBXNativeTarget "Alze" */ = {
			isa = XCConfigurationList;
			buildConfigurations = (
				7C6516B0284E60C50072348A /* Debug */,
				7C6516B1284E60C50072348A /* Release */,
			);
			defaultConfigurationIsVisible = 0;
			defaultConfigurationName = Release;
		};
/* End XCConfigurationList section */

/* Begin XCVersionGroup section */
		7C6516AA284E60C50072348A /* Alze.xcdatamodeld */ = {
			isa = XCVersionGroup;
			children = (
				7C6516AB284E60C50072348A /* Alze.xcdatamodel */,
			);
			currentVersion = 7C6516AB284E60C50072348A /* Alze.xcdatamodel */;
			path = Alze.xcdatamodeld;
			sourceTree = "<group>";
			versionGroupType = wrapper.xcdatamodel;
		};
/* End XCVersionGroup section */
	};
	rootObject = 7C651694284E60C20072348A /* Project object */;
}
