// !$*UTF8*$!
{
	archiveVersion = 1;
	classes = {
	};
	objectVersion = 55;
	objects = {

/* Begin PBXBuildFile section */
		490A3A5F285850D0006E1568 /* Main.swift in Sources */ = {isa = PBXBuildFile; fileRef = 490A3A5E285850D0006E1568 /* Main.swift */; };
		490A3A61285853A3006E1568 /* Home.swift in Sources */ = {isa = PBXBuildFile; fileRef = 490A3A60285853A3006E1568 /* Home.swift */; };
		490A3A6528597E06006E1568 /* AddGoal.swift in Sources */ = {isa = PBXBuildFile; fileRef = 490A3A6428597E06006E1568 /* AddGoal.swift */; };
		7C2F792D2855CBF50026679E /* SceneDelegates.swift in Sources */ = {isa = PBXBuildFile; fileRef = 7C2F792C2855CBF50026679E /* SceneDelegates.swift */; };
		7C442AE1286AE8A80001B4CF /* GoalEndPoint.swift in Sources */ = {isa = PBXBuildFile; fileRef = 7C442AE0286AE8A80001B4CF /* GoalEndPoint.swift */; };
		7C48C6E32851E175005A3AA0 /* UserData.swift in Sources */ = {isa = PBXBuildFile; fileRef = 7C48C6E22851E175005A3AA0 /* UserData.swift */; };
		7C48C6E52851E495005A3AA0 /* UserDataKeychain.swift in Sources */ = {isa = PBXBuildFile; fileRef = 7C48C6E42851E495005A3AA0 /* UserDataKeychain.swift */; };
		7C48C6E82851E4EF005A3AA0 /* Keychain.swift in Sources */ = {isa = PBXBuildFile; fileRef = 7C48C6E72851E4EF005A3AA0 /* Keychain.swift */; };
		7C48C6EA2851E7A1005A3AA0 /* WebApi.swift in Sources */ = {isa = PBXBuildFile; fileRef = 7C48C6E92851E7A1005A3AA0 /* WebApi.swift */; };
		7C48C6EC2851F2FA005A3AA0 /* EnvironmentWindowKey.swift in Sources */ = {isa = PBXBuildFile; fileRef = 7C48C6EB2851F2FA005A3AA0 /* EnvironmentWindowKey.swift */; };
		7C553B5A285E4DA100BB1F0A /* GoalList.swift in Sources */ = {isa = PBXBuildFile; fileRef = 7C553B59285E4DA100BB1F0A /* GoalList.swift */; };
		7C5AE00D28696BF400656D7F /* KeychainItem.swift in Sources */ = {isa = PBXBuildFile; fileRef = 7C5AE00C28696BF400656D7F /* KeychainItem.swift */; };
		7C6516A0284E60C20072348A /* AlzeApp.swift in Sources */ = {isa = PBXBuildFile; fileRef = 7C65169F284E60C20072348A /* AlzeApp.swift */; };
		7C6516A2284E60C20072348A /* ContentView.swift in Sources */ = {isa = PBXBuildFile; fileRef = 7C6516A1284E60C20072348A /* ContentView.swift */; };
		7C6516A4284E60C50072348A /* Assets.xcassets in Resources */ = {isa = PBXBuildFile; fileRef = 7C6516A3284E60C50072348A /* Assets.xcassets */; };
		7C6516A7284E60C50072348A /* Preview Assets.xcassets in Resources */ = {isa = PBXBuildFile; fileRef = 7C6516A6284E60C50072348A /* Preview Assets.xcassets */; };
		7C6516A9284E60C50072348A /* Persistence.swift in Sources */ = {isa = PBXBuildFile; fileRef = 7C6516A8284E60C50072348A /* Persistence.swift */; };
		7C6516AC284E60C50072348A /* Alze.xcdatamodeld in Sources */ = {isa = PBXBuildFile; fileRef = 7C6516AA284E60C50072348A /* Alze.xcdatamodeld */; };
		7C729301285EE5F5004EAE6E /* Utils.swift in Sources */ = {isa = PBXBuildFile; fileRef = 7C729300285EE5F5004EAE6E /* Utils.swift */; };
		7C812744285F9F06008A5A01 /* GoalModel.swift in Sources */ = {isa = PBXBuildFile; fileRef = 7C812743285F9F06008A5A01 /* GoalModel.swift */; };
		7CA05B702864503D00BC06CB /* NetworkManager.swift in Sources */ = {isa = PBXBuildFile; fileRef = 7CA05B6F2864503D00BC06CB /* NetworkManager.swift */; };
		7CB1990B2851A7A600727A27 /* SignInWithApple.swift in Sources */ = {isa = PBXBuildFile; fileRef = 7CB1990A2851A7A600727A27 /* SignInWithApple.swift */; };
		7CB1990D2851AE5A00727A27 /* SignInWithAppleDelegates.swift in Sources */ = {isa = PBXBuildFile; fileRef = 7CB1990C2851AE5A00727A27 /* SignInWithAppleDelegates.swift */; };
		7CB5E12528680C4C0038CF9D /* UserNetworkModel.swift in Sources */ = {isa = PBXBuildFile; fileRef = 7CB5E12428680C4C0038CF9D /* UserNetworkModel.swift */; };
		7CB5E12828680D1C0038CF9D /* GoalNetworkModel.swift in Sources */ = {isa = PBXBuildFile; fileRef = 7CB5E12728680D1C0038CF9D /* GoalNetworkModel.swift */; };
		7CB5E12A286813C50038CF9D /* ReminderNetworkModel.swift in Sources */ = {isa = PBXBuildFile; fileRef = 7CB5E129286813C50038CF9D /* ReminderNetworkModel.swift */; };
		7CB5E12C2868214D0038CF9D /* UserEndPoint.swift in Sources */ = {isa = PBXBuildFile; fileRef = 7CB5E12B2868214D0038CF9D /* UserEndPoint.swift */; };
		7CB5E12E286872CB0038CF9D /* NetworkService.swift in Sources */ = {isa = PBXBuildFile; fileRef = 7CB5E12D286872CB0038CF9D /* NetworkService.swift */; };
		7CCAEA4C2865AC1E00F03711 /* NetworkService in Resources */ = {isa = PBXBuildFile; fileRef = 7CCAEA472865AC1E00F03711 /* NetworkService */; };
		7CCAEA4D2865AC1E00F03711 /* CollectionViewController in Resources */ = {isa = PBXBuildFile; fileRef = 7CCAEA482865AC1E00F03711 /* CollectionViewController */; };
		7CCAEA4E2865AC1E00F03711 /* NetworkManager in Resources */ = {isa = PBXBuildFile; fileRef = 7CCAEA492865AC1E00F03711 /* NetworkManager */; };
		7CCAEA4F2865AC1E00F03711 /* PhotoEndPoint in Resources */ = {isa = PBXBuildFile; fileRef = 7CCAEA4A2865AC1E00F03711 /* PhotoEndPoint */; };
		7CCAEA502865AC1E00F03711 /* PhotoNetworkModel in Resources */ = {isa = PBXBuildFile; fileRef = 7CCAEA4B2865AC1E00F03711 /* PhotoNetworkModel */; };
		7CCAEA522865B10400F03711 /* NetworkMonitor.swift in Sources */ = {isa = PBXBuildFile; fileRef = 7CCAEA512865B10400F03711 /* NetworkMonitor.swift */; };
		7CE3F06F2850832E009C9524 /* Login.swift in Sources */ = {isa = PBXBuildFile; fileRef = 7CE3F06E2850832E009C9524 /* Login.swift */; };
		7CE3F0712850B9E3009C9524 /* K.swift in Sources */ = {isa = PBXBuildFile; fileRef = 7CE3F0702850B9E3009C9524 /* K.swift */; };
		7CF755B52860F32F00E09C15 /* GoalViewModel.swift in Sources */ = {isa = PBXBuildFile; fileRef = 7CF755B42860F32F00E09C15 /* GoalViewModel.swift */; };
		E226BCA42851FCB000A8ADAF /* ReminderView.swift in Sources */ = {isa = PBXBuildFile; fileRef = E226BCA32851FCB000A8ADAF /* ReminderView.swift */; };
		E229A69328571CA700EBA775 /* DummyData.swift in Sources */ = {isa = PBXBuildFile; fileRef = E229A69228571CA700EBA775 /* DummyData.swift */; };
		E237D4AE2872A220006F2A46 /* ReminderEndPoint.swift in Sources */ = {isa = PBXBuildFile; fileRef = E237D4AD2872A220006F2A46 /* ReminderEndPoint.swift */; };
		E237D4B02872DD4C006F2A46 /* ReminderModel.swift in Sources */ = {isa = PBXBuildFile; fileRef = E237D4AF2872DD4C006F2A46 /* ReminderModel.swift */; };
		E237D4B22872E2FC006F2A46 /* ReminderViewModel.swift in Sources */ = {isa = PBXBuildFile; fileRef = E237D4B12872E2FC006F2A46 /* ReminderViewModel.swift */; };
		E239E3E4285837CB00A0C6C1 /* CustomToggle.swift in Sources */ = {isa = PBXBuildFile; fileRef = E239E3E3285837CB00A0C6C1 /* CustomToggle.swift */; };
		E239E3E6285888AE00A0C6C1 /* AddReminderView.swift in Sources */ = {isa = PBXBuildFile; fileRef = E239E3E5285888AE00A0C6C1 /* AddReminderView.swift */; };
		E25A4B7F285B1BC500F45B84 /* DescView.swift in Sources */ = {isa = PBXBuildFile; fileRef = E25A4B7E285B1BC400F45B84 /* DescView.swift */; };
		E2CCA2C12864720E00DD8BD9 /* ModalView.swift in Sources */ = {isa = PBXBuildFile; fileRef = E2CCA2C02864720E00DD8BD9 /* ModalView.swift */; };
/* End PBXBuildFile section */

/* Begin PBXFileReference section */
		490A3A5E285850D0006E1568 /* Main.swift */ = {isa = PBXFileReference; lastKnownFileType = sourcecode.swift; path = Main.swift; sourceTree = "<group>"; };
		490A3A60285853A3006E1568 /* Home.swift */ = {isa = PBXFileReference; lastKnownFileType = sourcecode.swift; path = Home.swift; sourceTree = "<group>"; };
		490A3A6428597E06006E1568 /* AddGoal.swift */ = {isa = PBXFileReference; lastKnownFileType = sourcecode.swift; path = AddGoal.swift; sourceTree = "<group>"; };
		7C2F792C2855CBF50026679E /* SceneDelegates.swift */ = {isa = PBXFileReference; lastKnownFileType = sourcecode.swift; path = SceneDelegates.swift; sourceTree = "<group>"; };
		7C442AE0286AE8A80001B4CF /* GoalEndPoint.swift */ = {isa = PBXFileReference; lastKnownFileType = sourcecode.swift; path = GoalEndPoint.swift; sourceTree = "<group>"; };
		7C48C6E22851E175005A3AA0 /* UserData.swift */ = {isa = PBXFileReference; lastKnownFileType = sourcecode.swift; path = UserData.swift; sourceTree = "<group>"; };
		7C48C6E42851E495005A3AA0 /* UserDataKeychain.swift */ = {isa = PBXFileReference; lastKnownFileType = sourcecode.swift; path = UserDataKeychain.swift; sourceTree = "<group>"; };
		7C48C6E72851E4EF005A3AA0 /* Keychain.swift */ = {isa = PBXFileReference; lastKnownFileType = sourcecode.swift; path = Keychain.swift; sourceTree = "<group>"; };
		7C48C6E92851E7A1005A3AA0 /* WebApi.swift */ = {isa = PBXFileReference; lastKnownFileType = sourcecode.swift; path = WebApi.swift; sourceTree = "<group>"; };
		7C48C6EB2851F2FA005A3AA0 /* EnvironmentWindowKey.swift */ = {isa = PBXFileReference; lastKnownFileType = sourcecode.swift; path = EnvironmentWindowKey.swift; sourceTree = "<group>"; };
		7C553B59285E4DA100BB1F0A /* GoalList.swift */ = {isa = PBXFileReference; lastKnownFileType = sourcecode.swift; path = GoalList.swift; sourceTree = "<group>"; };
		7C5AE00C28696BF400656D7F /* KeychainItem.swift */ = {isa = PBXFileReference; lastKnownFileType = sourcecode.swift; path = KeychainItem.swift; sourceTree = "<group>"; };
		7C65169C284E60C20072348A /* Alze.app */ = {isa = PBXFileReference; explicitFileType = wrapper.application; includeInIndex = 0; path = Alze.app; sourceTree = BUILT_PRODUCTS_DIR; };
		7C65169F284E60C20072348A /* AlzeApp.swift */ = {isa = PBXFileReference; lastKnownFileType = sourcecode.swift; path = AlzeApp.swift; sourceTree = "<group>"; };
		7C6516A1284E60C20072348A /* ContentView.swift */ = {isa = PBXFileReference; lastKnownFileType = sourcecode.swift; path = ContentView.swift; sourceTree = "<group>"; };
		7C6516A3284E60C50072348A /* Assets.xcassets */ = {isa = PBXFileReference; lastKnownFileType = folder.assetcatalog; path = Assets.xcassets; sourceTree = "<group>"; };
		7C6516A6284E60C50072348A /* Preview Assets.xcassets */ = {isa = PBXFileReference; lastKnownFileType = folder.assetcatalog; path = "Preview Assets.xcassets"; sourceTree = "<group>"; };
		7C6516A8284E60C50072348A /* Persistence.swift */ = {isa = PBXFileReference; lastKnownFileType = sourcecode.swift; path = Persistence.swift; sourceTree = "<group>"; };
		7C6516AB284E60C50072348A /* Alze.xcdatamodel */ = {isa = PBXFileReference; lastKnownFileType = wrapper.xcdatamodel; path = Alze.xcdatamodel; sourceTree = "<group>"; };
		7C729300285EE5F5004EAE6E /* Utils.swift */ = {isa = PBXFileReference; lastKnownFileType = sourcecode.swift; path = Utils.swift; sourceTree = "<group>"; };
		7C812743285F9F06008A5A01 /* GoalModel.swift */ = {isa = PBXFileReference; lastKnownFileType = sourcecode.swift; path = GoalModel.swift; sourceTree = "<group>"; };
		7CA05B6F2864503D00BC06CB /* NetworkManager.swift */ = {isa = PBXFileReference; lastKnownFileType = sourcecode.swift; path = NetworkManager.swift; sourceTree = "<group>"; };
		7CB199092851A67300727A27 /* Alze.entitlements */ = {isa = PBXFileReference; lastKnownFileType = text.plist.entitlements; path = Alze.entitlements; sourceTree = "<group>"; };
		7CB1990A2851A7A600727A27 /* SignInWithApple.swift */ = {isa = PBXFileReference; lastKnownFileType = sourcecode.swift; path = SignInWithApple.swift; sourceTree = "<group>"; };
		7CB1990C2851AE5A00727A27 /* SignInWithAppleDelegates.swift */ = {isa = PBXFileReference; lastKnownFileType = sourcecode.swift; path = SignInWithAppleDelegates.swift; sourceTree = "<group>"; };
		7CB5E12428680C4C0038CF9D /* UserNetworkModel.swift */ = {isa = PBXFileReference; lastKnownFileType = sourcecode.swift; path = UserNetworkModel.swift; sourceTree = "<group>"; };
		7CB5E12728680D1C0038CF9D /* GoalNetworkModel.swift */ = {isa = PBXFileReference; lastKnownFileType = sourcecode.swift; path = GoalNetworkModel.swift; sourceTree = "<group>"; };
		7CB5E129286813C50038CF9D /* ReminderNetworkModel.swift */ = {isa = PBXFileReference; lastKnownFileType = sourcecode.swift; path = ReminderNetworkModel.swift; sourceTree = "<group>"; };
		7CB5E12B2868214D0038CF9D /* UserEndPoint.swift */ = {isa = PBXFileReference; lastKnownFileType = sourcecode.swift; path = UserEndPoint.swift; sourceTree = "<group>"; };
		7CB5E12D286872CB0038CF9D /* NetworkService.swift */ = {isa = PBXFileReference; lastKnownFileType = sourcecode.swift; path = NetworkService.swift; sourceTree = "<group>"; };
		7CCAEA472865AC1E00F03711 /* NetworkService */ = {isa = PBXFileReference; fileEncoding = 4; lastKnownFileType = text; path = NetworkService; sourceTree = "<group>"; };
		7CCAEA482865AC1E00F03711 /* CollectionViewController */ = {isa = PBXFileReference; fileEncoding = 4; lastKnownFileType = text; path = CollectionViewController; sourceTree = "<group>"; };
		7CCAEA492865AC1E00F03711 /* NetworkManager */ = {isa = PBXFileReference; fileEncoding = 4; lastKnownFileType = text; path = NetworkManager; sourceTree = "<group>"; };
		7CCAEA4A2865AC1E00F03711 /* PhotoEndPoint */ = {isa = PBXFileReference; fileEncoding = 4; lastKnownFileType = text; path = PhotoEndPoint; sourceTree = "<group>"; };
		7CCAEA4B2865AC1E00F03711 /* PhotoNetworkModel */ = {isa = PBXFileReference; fileEncoding = 4; lastKnownFileType = text; path = PhotoNetworkModel; sourceTree = "<group>"; };
		7CCAEA512865B10400F03711 /* NetworkMonitor.swift */ = {isa = PBXFileReference; lastKnownFileType = sourcecode.swift; path = NetworkMonitor.swift; sourceTree = "<group>"; };
		7CE3F06E2850832E009C9524 /* Login.swift */ = {isa = PBXFileReference; lastKnownFileType = sourcecode.swift; path = Login.swift; sourceTree = "<group>"; };
		7CE3F0702850B9E3009C9524 /* K.swift */ = {isa = PBXFileReference; lastKnownFileType = sourcecode.swift; path = K.swift; sourceTree = "<group>"; };
		7CF755B42860F32F00E09C15 /* GoalViewModel.swift */ = {isa = PBXFileReference; lastKnownFileType = sourcecode.swift; path = GoalViewModel.swift; sourceTree = "<group>"; };
		E226BCA32851FCB000A8ADAF /* ReminderView.swift */ = {isa = PBXFileReference; lastKnownFileType = sourcecode.swift; path = ReminderView.swift; sourceTree = "<group>"; };
		E229A69228571CA700EBA775 /* DummyData.swift */ = {isa = PBXFileReference; lastKnownFileType = sourcecode.swift; path = DummyData.swift; sourceTree = "<group>"; };
		E237D4AD2872A220006F2A46 /* ReminderEndPoint.swift */ = {isa = PBXFileReference; lastKnownFileType = sourcecode.swift; path = ReminderEndPoint.swift; sourceTree = "<group>"; };
		E237D4AF2872DD4C006F2A46 /* ReminderModel.swift */ = {isa = PBXFileReference; lastKnownFileType = sourcecode.swift; path = ReminderModel.swift; sourceTree = "<group>"; };
		E237D4B12872E2FC006F2A46 /* ReminderViewModel.swift */ = {isa = PBXFileReference; lastKnownFileType = sourcecode.swift; path = ReminderViewModel.swift; sourceTree = "<group>"; };
		E239E3E3285837CB00A0C6C1 /* CustomToggle.swift */ = {isa = PBXFileReference; lastKnownFileType = sourcecode.swift; path = CustomToggle.swift; sourceTree = "<group>"; };
		E239E3E5285888AE00A0C6C1 /* AddReminderView.swift */ = {isa = PBXFileReference; lastKnownFileType = sourcecode.swift; path = AddReminderView.swift; sourceTree = "<group>"; };
		E25A4B7E285B1BC400F45B84 /* DescView.swift */ = {isa = PBXFileReference; lastKnownFileType = sourcecode.swift; path = DescView.swift; sourceTree = "<group>"; };
		E2CCA2C02864720E00DD8BD9 /* ModalView.swift */ = {isa = PBXFileReference; lastKnownFileType = sourcecode.swift; path = ModalView.swift; sourceTree = "<group>"; };
/* End PBXFileReference section */

/* Begin PBXFrameworksBuildPhase section */
		7C651699284E60C20072348A /* Frameworks */ = {
			isa = PBXFrameworksBuildPhase;
			buildActionMask = 2147483647;
			files = (
			);
			runOnlyForDeploymentPostprocessing = 0;
		};
/* End PBXFrameworksBuildPhase section */

/* Begin PBXGroup section */
		7C48C6E62851E49A005A3AA0 /* CredentialStorage */ = {
			isa = PBXGroup;
			children = (
				7C48C6E22851E175005A3AA0 /* UserData.swift */,
				7C48C6E42851E495005A3AA0 /* UserDataKeychain.swift */,
				7C48C6E72851E4EF005A3AA0 /* Keychain.swift */,
				7C5AE00C28696BF400656D7F /* KeychainItem.swift */,
			);
			path = CredentialStorage;
			sourceTree = "<group>";
		};
		7C651693284E60C20072348A = {
			isa = PBXGroup;
			children = (
				7C65169E284E60C20072348A /* Alze */,
				7C65169D284E60C20072348A /* Products */,
			);
			sourceTree = "<group>";
		};
		7C65169D284E60C20072348A /* Products */ = {
			isa = PBXGroup;
			children = (
				7C65169C284E60C20072348A /* Alze.app */,
			);
			name = Products;
			sourceTree = "<group>";
		};
		7C65169E284E60C20072348A /* Alze */ = {
			isa = PBXGroup;
			children = (
				7CB199092851A67300727A27 /* Alze.entitlements */,
				E229A69128571C8800EBA775 /* Dummy Data */,
				E2A5DFFF286C2D69009239A4 /* View */,
				7C812745285F9F23008A5A01 /* Model */,
				7CA05B6C2864501A00BC06CB /* Network */,
				7CB03235286C2BEB00B37DA0 /* CoreData */,
				7C6516A5284E60C50072348A /* Preview Content */,
				7CB03231286C2B2F00B37DA0 /*  SignInAndRegister */,
				7C48C6E62851E49A005A3AA0 /* CredentialStorage */,
				7CB03234286C2BC200B37DA0 /* Utils */,
				7C65169F284E60C20072348A /* AlzeApp.swift */,
				7C2F792C2855CBF50026679E /* SceneDelegates.swift */,
				7C6516A1284E60C20072348A /* ContentView.swift */,
				490A3A5E285850D0006E1568 /* Main.swift */,
				E239E3E3285837CB00A0C6C1 /* CustomToggle.swift */,
				7C6516A3284E60C50072348A /* Assets.xcassets */,
			);
			path = Alze;
			sourceTree = "<group>";
		};
		7C6516A5284E60C50072348A /* Preview Content */ = {
			isa = PBXGroup;
			children = (
				7C6516A6284E60C50072348A /* Preview Assets.xcassets */,
			);
			path = "Preview Content";
			sourceTree = "<group>";
		};
		7C812745285F9F23008A5A01 /* Model */ = {
			isa = PBXGroup;
			children = (
				7C812743285F9F06008A5A01 /* GoalModel.swift */,
				7CF755B42860F32F00E09C15 /* GoalViewModel.swift */,
				E237D4AF2872DD4C006F2A46 /* ReminderModel.swift */,
				E237D4B12872E2FC006F2A46 /* ReminderViewModel.swift */,
			);
			path = Model;
			sourceTree = "<group>";
		};
		7CA05B6C2864501A00BC06CB /* Network */ = {
			isa = PBXGroup;
			children = (
				7CCAEA482865AC1E00F03711 /* CollectionViewController */,
				7CCAEA492865AC1E00F03711 /* NetworkManager */,
				7CCAEA472865AC1E00F03711 /* NetworkService */,
				7CCAEA4A2865AC1E00F03711 /* PhotoEndPoint */,
				7CCAEA4B2865AC1E00F03711 /* PhotoNetworkModel */,
				7CB5E12628680D040038CF9D /* Network model */,
				7CA05B6F2864503D00BC06CB /* NetworkManager.swift */,
				7CB5E12D286872CB0038CF9D /* NetworkService.swift */,
				7CCAEA512865B10400F03711 /* NetworkMonitor.swift */,
			);
			path = Network;
			sourceTree = "<group>";
		};
		7CB03231286C2B2F00B37DA0 /*  SignInAndRegister */ = {
			isa = PBXGroup;
			children = (
				7CE3F06E2850832E009C9524 /* Login.swift */,
				7CB1990A2851A7A600727A27 /* SignInWithApple.swift */,
				7CB1990C2851AE5A00727A27 /* SignInWithAppleDelegates.swift */,
			);
			path = " SignInAndRegister";
			sourceTree = "<group>";
		};
		7CB03232286C2B5E00B37DA0 /* Goal */ = {
			isa = PBXGroup;
			children = (
				490A3A6428597E06006E1568 /* AddGoal.swift */,
				E25A4B7E285B1BC400F45B84 /* DescView.swift */,
				7C553B59285E4DA100BB1F0A /* GoalList.swift */,
			);
			path = Goal;
			sourceTree = "<group>";
		};
		7CB03233286C2BA100B37DA0 /* Reminder */ = {
			isa = PBXGroup;
			children = (
				E239E3E5285888AE00A0C6C1 /* AddReminderView.swift */,
				E2CCA2C02864720E00DD8BD9 /* ModalView.swift */,
				E226BCA32851FCB000A8ADAF /* ReminderView.swift */,
			);
			path = Reminder;
			sourceTree = "<group>";
		};
		7CB03234286C2BC200B37DA0 /* Utils */ = {
			isa = PBXGroup;
			children = (
				7C48C6E92851E7A1005A3AA0 /* WebApi.swift */,
				7C48C6EB2851F2FA005A3AA0 /* EnvironmentWindowKey.swift */,
				7C729300285EE5F5004EAE6E /* Utils.swift */,
				7CE3F0702850B9E3009C9524 /* K.swift */,
			);
			path = Utils;
			sourceTree = "<group>";
		};
		7CB03235286C2BEB00B37DA0 /* CoreData */ = {
			isa = PBXGroup;
			children = (
				7C6516A8284E60C50072348A /* Persistence.swift */,
				7C6516AA284E60C50072348A /* Alze.xcdatamodeld */,
			);
			path = CoreData;
			sourceTree = "<group>";
		};
		7CB5E12628680D040038CF9D /* Network model */ = {
			isa = PBXGroup;
			children = (
				7CB5E12428680C4C0038CF9D /* UserNetworkModel.swift */,
				7CB5E12728680D1C0038CF9D /* GoalNetworkModel.swift */,
				7CB5E129286813C50038CF9D /* ReminderNetworkModel.swift */,
				E237D4AD2872A220006F2A46 /* ReminderEndPoint.swift */,
				7CB5E12B2868214D0038CF9D /* UserEndPoint.swift */,
				7C442AE0286AE8A80001B4CF /* GoalEndPoint.swift */,
			);
			path = "Network model";
			sourceTree = "<group>";
		};
		E229A69128571C8800EBA775 /* Dummy Data */ = {
			isa = PBXGroup;
			children = (
				E229A69228571CA700EBA775 /* DummyData.swift */,
			);
			path = "Dummy Data";
			sourceTree = "<group>";
		};
		E2A5DFFF286C2D69009239A4 /* View */ = {
			isa = PBXGroup;
			children = (
				490A3A60285853A3006E1568 /* Home.swift */,
				7CB03232286C2B5E00B37DA0 /* Goal */,
				7CB03233286C2BA100B37DA0 /* Reminder */,
			);
			path = View;
			sourceTree = "<group>";
		};
/* End PBXGroup section */

/* Begin PBXNativeTarget section */
		7C65169B284E60C20072348A /* Alze */ = {
			isa = PBXNativeTarget;
			buildConfigurationList = 7C6516AF284E60C50072348A /* Build configuration list for PBXNativeTarget "Alze" */;
			buildPhases = (
				7C651698284E60C20072348A /* Sources */,
				7C651699284E60C20072348A /* Frameworks */,
				7C65169A284E60C20072348A /* Resources */,
			);
			buildRules = (
			);
			dependencies = (
			);
			name = Alze;
			packageProductDependencies = (
			);
			productName = Alze;
			productReference = 7C65169C284E60C20072348A /* Alze.app */;
			productType = "com.apple.product-type.application";
		};
/* End PBXNativeTarget section */

/* Begin PBXProject section */
		7C651694284E60C20072348A /* Project object */ = {
			isa = PBXProject;
			attributes = {
				BuildIndependentTargetsInParallel = 1;
				LastSwiftUpdateCheck = 1330;
				LastUpgradeCheck = 1330;
				TargetAttributes = {
					7C65169B284E60C20072348A = {
						CreatedOnToolsVersion = 13.3.1;
					};
				};
			};
			buildConfigurationList = 7C651697284E60C20072348A /* Build configuration list for PBXProject "Alze" */;
			compatibilityVersion = "Xcode 13.0";
			developmentRegion = en;
			hasScannedForEncodings = 0;
			knownRegions = (
				en,
				Base,
			);
			mainGroup = 7C651693284E60C20072348A;
			packageReferences = (
			);
			productRefGroup = 7C65169D284E60C20072348A /* Products */;
			projectDirPath = "";
			projectRoot = "";
			targets = (
				7C65169B284E60C20072348A /* Alze */,
			);
		};
/* End PBXProject section */

/* Begin PBXResourcesBuildPhase section */
		7C65169A284E60C20072348A /* Resources */ = {
			isa = PBXResourcesBuildPhase;
			buildActionMask = 2147483647;
			files = (
				7C6516A7284E60C50072348A /* Preview Assets.xcassets in Resources */,
				7C6516A4284E60C50072348A /* Assets.xcassets in Resources */,
				7CCAEA4F2865AC1E00F03711 /* PhotoEndPoint in Resources */,
				7CCAEA4E2865AC1E00F03711 /* NetworkManager in Resources */,
				7CCAEA4C2865AC1E00F03711 /* NetworkService in Resources */,
				7CCAEA502865AC1E00F03711 /* PhotoNetworkModel in Resources */,
				7CCAEA4D2865AC1E00F03711 /* CollectionViewController in Resources */,
			);
			runOnlyForDeploymentPostprocessing = 0;
		};
/* End PBXResourcesBuildPhase section */

/* Begin PBXSourcesBuildPhase section */
		7C651698284E60C20072348A /* Sources */ = {
			isa = PBXSourcesBuildPhase;
			buildActionMask = 2147483647;
			files = (
				7C6516A9284E60C50072348A /* Persistence.swift in Sources */,
				7C729301285EE5F5004EAE6E /* Utils.swift in Sources */,
				E239E3E4285837CB00A0C6C1 /* CustomToggle.swift in Sources */,
				E239E3E6285888AE00A0C6C1 /* AddReminderView.swift in Sources */,
				7CB1990D2851AE5A00727A27 /* SignInWithAppleDelegates.swift in Sources */,
				490A3A61285853A3006E1568 /* Home.swift in Sources */,
				7CB5E12A286813C50038CF9D /* ReminderNetworkModel.swift in Sources */,
				7C5AE00D28696BF400656D7F /* KeychainItem.swift in Sources */,
				7CF755B52860F32F00E09C15 /* GoalViewModel.swift in Sources */,
				7CA05B702864503D00BC06CB /* NetworkManager.swift in Sources */,
				7CE3F06F2850832E009C9524 /* Login.swift in Sources */,
				7C48C6EC2851F2FA005A3AA0 /* EnvironmentWindowKey.swift in Sources */,
				7C812744285F9F06008A5A01 /* GoalModel.swift in Sources */,
				7C6516AC284E60C50072348A /* Alze.xcdatamodeld in Sources */,
				490A3A6528597E06006E1568 /* AddGoal.swift in Sources */,
				7CB5E12828680D1C0038CF9D /* GoalNetworkModel.swift in Sources */,
				490A3A5F285850D0006E1568 /* Main.swift in Sources */,
				7CCAEA522865B10400F03711 /* NetworkMonitor.swift in Sources */,
				7C553B5A285E4DA100BB1F0A /* GoalList.swift in Sources */,
				7C48C6E52851E495005A3AA0 /* UserDataKeychain.swift in Sources */,
				7C48C6E82851E4EF005A3AA0 /* Keychain.swift in Sources */,
				7CE3F0712850B9E3009C9524 /* K.swift in Sources */,
				7CB5E12C2868214D0038CF9D /* UserEndPoint.swift in Sources */,
				7CB5E12E286872CB0038CF9D /* NetworkService.swift in Sources */,
				E237D4B22872E2FC006F2A46 /* ReminderViewModel.swift in Sources */,
				E226BCA42851FCB000A8ADAF /* ReminderView.swift in Sources */,
				7C442AE1286AE8A80001B4CF /* GoalEndPoint.swift in Sources */,
				7C6516A2284E60C20072348A /* ContentView.swift in Sources */,
				E237D4B02872DD4C006F2A46 /* ReminderModel.swift in Sources */,
				7CB5E12528680C4C0038CF9D /* UserNetworkModel.swift in Sources */,
				7C6516A0284E60C20072348A /* AlzeApp.swift in Sources */,
				E229A69328571CA700EBA775 /* DummyData.swift in Sources */,
				E2CCA2C12864720E00DD8BD9 /* ModalView.swift in Sources */,
				E237D4AE2872A220006F2A46 /* ReminderEndPoint.swift in Sources */,
				7C48C6E32851E175005A3AA0 /* UserData.swift in Sources */,
				7CB1990B2851A7A600727A27 /* SignInWithApple.swift in Sources */,
				E25A4B7F285B1BC500F45B84 /* DescView.swift in Sources */,
				7C48C6EA2851E7A1005A3AA0 /* WebApi.swift in Sources */,
				7C2F792D2855CBF50026679E /* SceneDelegates.swift in Sources */,
			);
			runOnlyForDeploymentPostprocessing = 0;
		};
/* End PBXSourcesBuildPhase section */

/* Begin XCBuildConfiguration section */
		7C6516AD284E60C50072348A /* Debug */ = {
			isa = XCBuildConfiguration;
			buildSettings = {
				ALWAYS_SEARCH_USER_PATHS = NO;
				CLANG_ANALYZER_NONNULL = YES;
				CLANG_ANALYZER_NUMBER_OBJECT_CONVERSION = YES_AGGRESSIVE;
				CLANG_CXX_LANGUAGE_STANDARD = "gnu++17";
				CLANG_ENABLE_MODULES = YES;
				CLANG_ENABLE_OBJC_ARC = YES;
				CLANG_ENABLE_OBJC_WEAK = YES;
				CLANG_WARN_BLOCK_CAPTURE_AUTORELEASING = YES;
				CLANG_WARN_BOOL_CONVERSION = YES;
				CLANG_WARN_COMMA = YES;
				CLANG_WARN_CONSTANT_CONVERSION = YES;
				CLANG_WARN_DEPRECATED_OBJC_IMPLEMENTATIONS = YES;
				CLANG_WARN_DIRECT_OBJC_ISA_USAGE = YES_ERROR;
				CLANG_WARN_DOCUMENTATION_COMMENTS = YES;
				CLANG_WARN_EMPTY_BODY = YES;
				CLANG_WARN_ENUM_CONVERSION = YES;
				CLANG_WARN_INFINITE_RECURSION = YES;
				CLANG_WARN_INT_CONVERSION = YES;
				CLANG_WARN_NON_LITERAL_NULL_CONVERSION = YES;
				CLANG_WARN_OBJC_IMPLICIT_RETAIN_SELF = YES;
				CLANG_WARN_OBJC_LITERAL_CONVERSION = YES;
				CLANG_WARN_OBJC_ROOT_CLASS = YES_ERROR;
				CLANG_WARN_QUOTED_INCLUDE_IN_FRAMEWORK_HEADER = YES;
				CLANG_WARN_RANGE_LOOP_ANALYSIS = YES;
				CLANG_WARN_STRICT_PROTOTYPES = YES;
				CLANG_WARN_SUSPICIOUS_MOVE = YES;
				CLANG_WARN_UNGUARDED_AVAILABILITY = YES_AGGRESSIVE;
				CLANG_WARN_UNREACHABLE_CODE = YES;
				CLANG_WARN__DUPLICATE_METHOD_MATCH = YES;
				COPY_PHASE_STRIP = NO;
				DEBUG_INFORMATION_FORMAT = dwarf;
				ENABLE_STRICT_OBJC_MSGSEND = YES;
				ENABLE_TESTABILITY = YES;
				GCC_C_LANGUAGE_STANDARD = gnu11;
				GCC_DYNAMIC_NO_PIC = NO;
				GCC_NO_COMMON_BLOCKS = YES;
				GCC_OPTIMIZATION_LEVEL = 0;
				GCC_PREPROCESSOR_DEFINITIONS = (
					"DEBUG=1",
					"$(inherited)",
				);
				GCC_WARN_64_TO_32_BIT_CONVERSION = YES;
				GCC_WARN_ABOUT_RETURN_TYPE = YES_ERROR;
				GCC_WARN_UNDECLARED_SELECTOR = YES;
				GCC_WARN_UNINITIALIZED_AUTOS = YES_AGGRESSIVE;
				GCC_WARN_UNUSED_FUNCTION = YES;
				GCC_WARN_UNUSED_VARIABLE = YES;
				IPHONEOS_DEPLOYMENT_TARGET = 15.4;
				MTL_ENABLE_DEBUG_INFO = INCLUDE_SOURCE;
				MTL_FAST_MATH = YES;
				ONLY_ACTIVE_ARCH = YES;
				SDKROOT = iphoneos;
				SWIFT_ACTIVE_COMPILATION_CONDITIONS = DEBUG;
				SWIFT_OPTIMIZATION_LEVEL = "-Onone";
			};
			name = Debug;
		};
		7C6516AE284E60C50072348A /* Release */ = {
			isa = XCBuildConfiguration;
			buildSettings = {
				ALWAYS_SEARCH_USER_PATHS = NO;
				CLANG_ANALYZER_NONNULL = YES;
				CLANG_ANALYZER_NUMBER_OBJECT_CONVERSION = YES_AGGRESSIVE;
				CLANG_CXX_LANGUAGE_STANDARD = "gnu++17";
				CLANG_ENABLE_MODULES = YES;
				CLANG_ENABLE_OBJC_ARC = YES;
				CLANG_ENABLE_OBJC_WEAK = YES;
				CLANG_WARN_BLOCK_CAPTURE_AUTORELEASING = YES;
				CLANG_WARN_BOOL_CONVERSION = YES;
				CLANG_WARN_COMMA = YES;
				CLANG_WARN_CONSTANT_CONVERSION = YES;
				CLANG_WARN_DEPRECATED_OBJC_IMPLEMENTATIONS = YES;
				CLANG_WARN_DIRECT_OBJC_ISA_USAGE = YES_ERROR;
				CLANG_WARN_DOCUMENTATION_COMMENTS = YES;
				CLANG_WARN_EMPTY_BODY = YES;
				CLANG_WARN_ENUM_CONVERSION = YES;
				CLANG_WARN_INFINITE_RECURSION = YES;
				CLANG_WARN_INT_CONVERSION = YES;
				CLANG_WARN_NON_LITERAL_NULL_CONVERSION = YES;
				CLANG_WARN_OBJC_IMPLICIT_RETAIN_SELF = YES;
				CLANG_WARN_OBJC_LITERAL_CONVERSION = YES;
				CLANG_WARN_OBJC_ROOT_CLASS = YES_ERROR;
				CLANG_WARN_QUOTED_INCLUDE_IN_FRAMEWORK_HEADER = YES;
				CLANG_WARN_RANGE_LOOP_ANALYSIS = YES;
				CLANG_WARN_STRICT_PROTOTYPES = YES;
				CLANG_WARN_SUSPICIOUS_MOVE = YES;
				CLANG_WARN_UNGUARDED_AVAILABILITY = YES_AGGRESSIVE;
				CLANG_WARN_UNREACHABLE_CODE = YES;
				CLANG_WARN__DUPLICATE_METHOD_MATCH = YES;
				COPY_PHASE_STRIP = NO;
				DEBUG_INFORMATION_FORMAT = "dwarf-with-dsym";
				ENABLE_NS_ASSERTIONS = NO;
				ENABLE_STRICT_OBJC_MSGSEND = YES;
				GCC_C_LANGUAGE_STANDARD = gnu11;
				GCC_NO_COMMON_BLOCKS = YES;
				GCC_WARN_64_TO_32_BIT_CONVERSION = YES;
				GCC_WARN_ABOUT_RETURN_TYPE = YES_ERROR;
				GCC_WARN_UNDECLARED_SELECTOR = YES;
				GCC_WARN_UNINITIALIZED_AUTOS = YES_AGGRESSIVE;
				GCC_WARN_UNUSED_FUNCTION = YES;
				GCC_WARN_UNUSED_VARIABLE = YES;
				IPHONEOS_DEPLOYMENT_TARGET = 15.4;
				MTL_ENABLE_DEBUG_INFO = NO;
				MTL_FAST_MATH = YES;
				SDKROOT = iphoneos;
				SWIFT_COMPILATION_MODE = wholemodule;
				SWIFT_OPTIMIZATION_LEVEL = "-O";
				VALIDATE_PRODUCT = YES;
			};
			name = Release;
		};
		7C6516B0284E60C50072348A /* Debug */ = {
			isa = XCBuildConfiguration;
			buildSettings = {
				ASSETCATALOG_COMPILER_APPICON_NAME = AppIcon;
				ASSETCATALOG_COMPILER_GLOBAL_ACCENT_COLOR_NAME = AccentColor;
				CODE_SIGN_ENTITLEMENTS = Alze/Alze.entitlements;
				CODE_SIGN_IDENTITY = "Apple Development";
				CODE_SIGN_STYLE = Automatic;
				CURRENT_PROJECT_VERSION = 1;
				DEVELOPMENT_ASSET_PATHS = "\"Alze/Preview Content\"";
				DEVELOPMENT_TEAM = "";
				ENABLE_PREVIEWS = YES;
				GENERATE_INFOPLIST_FILE = YES;
				INFOPLIST_KEY_UIApplicationSceneManifest_Generation = YES;
				INFOPLIST_KEY_UIApplicationSupportsIndirectInputEvents = YES;
				INFOPLIST_KEY_UILaunchScreen_Generation = YES;
				INFOPLIST_KEY_UISupportedInterfaceOrientations_iPad = "UIInterfaceOrientationPortrait UIInterfaceOrientationPortraitUpsideDown UIInterfaceOrientationLandscapeLeft UIInterfaceOrientationLandscapeRight";
				INFOPLIST_KEY_UISupportedInterfaceOrientations_iPhone = "UIInterfaceOrientationPortrait UIInterfaceOrientationLandscapeLeft UIInterfaceOrientationLandscapeRight";
				IPHONEOS_DEPLOYMENT_TARGET = 15.0;
				LD_RUNPATH_SEARCH_PATHS = (
					"$(inherited)",
					"@executable_path/Frameworks",
				);
				MARKETING_VERSION = 1.1;
				PRODUCT_BUNDLE_IDENTIFIER = com.mc2Afternoon.AlzeApp;
				PRODUCT_NAME = "$(TARGET_NAME)";
				PROVISIONING_PROFILE_SPECIFIER = "";
				SWIFT_EMIT_LOC_STRINGS = YES;
				SWIFT_VERSION = 5.0;
				TARGETED_DEVICE_FAMILY = "1,2";
			};
			name = Debug;
		};
		7C6516B1284E60C50072348A /* Release */ = {
			isa = XCBuildConfiguration;
			buildSettings = {
				ASSETCATALOG_COMPILER_APPICON_NAME = AppIcon;
				ASSETCATALOG_COMPILER_GLOBAL_ACCENT_COLOR_NAME = AccentColor;
				CODE_SIGN_ENTITLEMENTS = Alze/Alze.entitlements;
				CODE_SIGN_IDENTITY = "Apple Development";
				CODE_SIGN_STYLE = Automatic;
				CURRENT_PROJECT_VERSION = 1;
				DEVELOPMENT_ASSET_PATHS = "\"Alze/Preview Content\"";
				DEVELOPMENT_TEAM = "";
				ENABLE_PREVIEWS = YES;
				GENERATE_INFOPLIST_FILE = YES;
				INFOPLIST_KEY_UIApplicationSceneManifest_Generation = YES;
				INFOPLIST_KEY_UIApplicationSupportsIndirectInputEvents = YES;
				INFOPLIST_KEY_UILaunchScreen_Generation = YES;
				INFOPLIST_KEY_UISupportedInterfaceOrientations_iPad = "UIInterfaceOrientationPortrait UIInterfaceOrientationPortraitUpsideDown UIInterfaceOrientationLandscapeLeft UIInterfaceOrientationLandscapeRight";
				INFOPLIST_KEY_UISupportedInterfaceOrientations_iPhone = "UIInterfaceOrientationPortrait UIInterfaceOrientationLandscapeLeft UIInterfaceOrientationLandscapeRight";
				IPHONEOS_DEPLOYMENT_TARGET = 15.0;
				LD_RUNPATH_SEARCH_PATHS = (
					"$(inherited)",
					"@executable_path/Frameworks",
				);
				MARKETING_VERSION = 1.1;
				PRODUCT_BUNDLE_IDENTIFIER = com.mc2Afternoon.AlzeApp;
				PRODUCT_NAME = "$(TARGET_NAME)";
				PROVISIONING_PROFILE_SPECIFIER = "";
				SWIFT_EMIT_LOC_STRINGS = YES;
				SWIFT_VERSION = 5.0;
				TARGETED_DEVICE_FAMILY = "1,2";
			};
			name = Release;
		};
/* End XCBuildConfiguration section */

/* Begin XCConfigurationList section */
		7C651697284E60C20072348A /* Build configuration list for PBXProject "Alze" */ = {
			isa = XCConfigurationList;
			buildConfigurations = (
				7C6516AD284E60C50072348A /* Debug */,
				7C6516AE284E60C50072348A /* Release */,
			);
			defaultConfigurationIsVisible = 0;
			defaultConfigurationName = Release;
		};
		7C6516AF284E60C50072348A /* Build configuration list for PBXNativeTarget "Alze" */ = {
			isa = XCConfigurationList;
			buildConfigurations = (
				7C6516B0284E60C50072348A /* Debug */,
				7C6516B1284E60C50072348A /* Release */,
			);
			defaultConfigurationIsVisible = 0;
			defaultConfigurationName = Release;
		};
/* End XCConfigurationList section */

/* Begin XCVersionGroup section */
		7C6516AA284E60C50072348A /* Alze.xcdatamodeld */ = {
			isa = XCVersionGroup;
			children = (
				7C6516AB284E60C50072348A /* Alze.xcdatamodel */,
			);
			currentVersion = 7C6516AB284E60C50072348A /* Alze.xcdatamodel */;
			path = Alze.xcdatamodeld;
			sourceTree = "<group>";
			versionGroupType = wrapper.xcdatamodel;
		};
/* End XCVersionGroup section */
	};
	rootObject = 7C651694284E60C20072348A /* Project object */;
}
